
Microsoft Visual Studio Solution File, Format Version 12.00
# Visual Studio 15
VisualStudioVersion = 15.0.26430.6
MinimumVisualStudioVersion = 10.0.40219.1
Project("{F2A71F9B-5D33-465A-A702-920D77279786}") = "DynamoDBFSharp", "DynamoDBFSharp\DynamoDBFSharp.fsproj", "{A5EE47A9-1454-475D-B718-7B3788CA0F4E}"
EndProject
Global
	GlobalSection(SolutionConfigurationPlatforms) = preSolution
		Debug|Any CPU = Debug|Any CPU
		Release|Any CPU = Release|Any CPU
	EndGlobalSection
	GlobalSection(ProjectConfigurationPlatforms) = postSolution
		{A5EE47A9-1454-475D-B718-7B3788CA0F4E}.Debug|Any CPU.ActiveCfg = Debug|Any CPU
		{A5EE47A9-1454-475D-B718-7B3788CA0F4E}.Debug|Any CPU.Build.0 = Debug|Any CPU
		{A5EE47A9-1454-475D-B718-7B3788CA0F4E}.Release|Any CPU.ActiveCfg = Release|Any CPU
		{A5EE47A9-1454-475D-B718-7B3788CA0F4E}.Release|Any CPU.Build.0 = Release|Any CPU
	EndGlobalSection
	GlobalSection(SolutionProperties) = preSolution
		HideSolutionNode = FALSE
	EndGlobalSection
EndGlobal
